// !$*UTF8*$!
{
	archiveVersion = 1;
	classes = {
	};
	objectVersion = 46;
	objects = {

/* Begin PBXBuildFile section */
		F540E4751D910CAB00D26CBF /* WMPlayer.bundle in Resources */ = {isa = PBXBuildFile; fileRef = F540E4721D910CAB00D26CBF /* WMPlayer.bundle */; };
		F540E4761D910CAB00D26CBF /* WMPlayer.m in Sources */ = {isa = PBXBuildFile; fileRef = F540E4741D910CAB00D26CBF /* WMPlayer.m */; };
		F540E48F1D910CB300D26CBF /* MASCompositeConstraint.m in Sources */ = {isa = PBXBuildFile; fileRef = F540E4791D910CB300D26CBF /* MASCompositeConstraint.m */; };
		F540E4901D910CB300D26CBF /* MASConstraint.m in Sources */ = {isa = PBXBuildFile; fileRef = F540E47C1D910CB300D26CBF /* MASConstraint.m */; };
		F540E4911D910CB300D26CBF /* MASConstraintMaker.m in Sources */ = {isa = PBXBuildFile; fileRef = F540E47E1D910CB300D26CBF /* MASConstraintMaker.m */; };
		F540E4921D910CB300D26CBF /* MASLayoutConstraint.m in Sources */ = {isa = PBXBuildFile; fileRef = F540E4801D910CB300D26CBF /* MASLayoutConstraint.m */; };
		F540E4931D910CB300D26CBF /* MASViewAttribute.m in Sources */ = {isa = PBXBuildFile; fileRef = F540E4841D910CB300D26CBF /* MASViewAttribute.m */; };
		F540E4941D910CB300D26CBF /* MASViewConstraint.m in Sources */ = {isa = PBXBuildFile; fileRef = F540E4861D910CB300D26CBF /* MASViewConstraint.m */; };
		F540E4951D910CB300D26CBF /* NSArray+MASAdditions.m in Sources */ = {isa = PBXBuildFile; fileRef = F540E4881D910CB300D26CBF /* NSArray+MASAdditions.m */; };
		F540E4961D910CB300D26CBF /* NSLayoutConstraint+MASDebugAdditions.m in Sources */ = {isa = PBXBuildFile; fileRef = F540E48B1D910CB300D26CBF /* NSLayoutConstraint+MASDebugAdditions.m */; };
		F540E4971D910CB300D26CBF /* View+MASAdditions.m in Sources */ = {isa = PBXBuildFile; fileRef = F540E48D1D910CB300D26CBF /* View+MASAdditions.m */; };
		F540E49A1D910D0800D26CBF /* DetailViewController.m in Sources */ = {isa = PBXBuildFile; fileRef = F540E4991D910D0800D26CBF /* DetailViewController.m */; };
		F58ADED51D8E9D6200F1B67D /* CommonVC.m in Sources */ = {isa = PBXBuildFile; fileRef = F58ADE831D8E9D6200F1B67D /* CommonVC.m */; };
		F58ADED61D8E9D6200F1B67D /* CoreSVP.m in Sources */ = {isa = PBXBuildFile; fileRef = F58ADE861D8E9D6200F1B67D /* CoreSVP.m */; };
		F58ADED71D8E9D6200F1B67D /* SVP.bundle in Resources */ = {isa = PBXBuildFile; fileRef = F58ADE881D8E9D6200F1B67D /* SVP.bundle */; };
		F58ADED81D8E9D6200F1B67D /* SVIndefiniteAnimatedView.m in Sources */ = {isa = PBXBuildFile; fileRef = F58ADE8B1D8E9D6200F1B67D /* SVIndefiniteAnimatedView.m */; };
		F58ADED91D8E9D6200F1B67D /* SVProgressHUD.bundle in Resources */ = {isa = PBXBuildFile; fileRef = F58ADE8D1D8E9D6200F1B67D /* SVProgressHUD.bundle */; };
		F58ADEDA1D8E9D6200F1B67D /* SVProgressHUD.m in Sources */ = {isa = PBXBuildFile; fileRef = F58ADE8F1D8E9D6200F1B67D /* SVProgressHUD.m */; };
		F58ADEDB1D8E9D6200F1B67D /* CoreModel.m in Sources */ = {isa = PBXBuildFile; fileRef = F58ADE921D8E9D6200F1B67D /* CoreModel.m */; };
		F58ADEDC1D8E9D6200F1B67D /* NSArray+CoreModel.m in Sources */ = {isa = PBXBuildFile; fileRef = F58ADE971D8E9D6200F1B67D /* NSArray+CoreModel.m */; };
		F58ADEDD1D8E9D6200F1B67D /* NSDictionary+Sqlite.m in Sources */ = {isa = PBXBuildFile; fileRef = F58ADE9A1D8E9D6200F1B67D /* NSDictionary+Sqlite.m */; };
		F58ADEDE1D8E9D6200F1B67D /* CoreModel+Cache.m in Sources */ = {isa = PBXBuildFile; fileRef = F58ADE9D1D8E9D6200F1B67D /* CoreModel+Cache.m */; };
		F58ADEDF1D8E9D6200F1B67D /* NSObject+CoreModelCommon.m in Sources */ = {isa = PBXBuildFile; fileRef = F58ADE9F1D8E9D6200F1B67D /* NSObject+CoreModelCommon.m */; };
		F58ADEE01D8E9D6200F1B67D /* NSObject+Create.m in Sources */ = {isa = PBXBuildFile; fileRef = F58ADEA11D8E9D6200F1B67D /* NSObject+Create.m */; };
		F58ADEE11D8E9D6200F1B67D /* NSObject+Delete.m in Sources */ = {isa = PBXBuildFile; fileRef = F58ADEA31D8E9D6200F1B67D /* NSObject+Delete.m */; };
		F58ADEE21D8E9D6200F1B67D /* NSObject+Insert.m in Sources */ = {isa = PBXBuildFile; fileRef = F58ADEA51D8E9D6200F1B67D /* NSObject+Insert.m */; };
		F58ADEE31D8E9D6200F1B67D /* NSObject+Save.m in Sources */ = {isa = PBXBuildFile; fileRef = F58ADEA71D8E9D6200F1B67D /* NSObject+Save.m */; };
		F58ADEE41D8E9D6200F1B67D /* NSObject+Select.m in Sources */ = {isa = PBXBuildFile; fileRef = F58ADEA91D8E9D6200F1B67D /* NSObject+Select.m */; };
		F58ADEE51D8E9D6200F1B67D /* NSObject+Update.m in Sources */ = {isa = PBXBuildFile; fileRef = F58ADEAB1D8E9D6200F1B67D /* NSObject+Update.m */; };
		F58ADEE61D8E9D6200F1B67D /* NSOperationQueue+Queue.m in Sources */ = {isa = PBXBuildFile; fileRef = F58ADEAE1D8E9D6200F1B67D /* NSOperationQueue+Queue.m */; };
		F58ADEE71D8E9D6200F1B67D /* NSString+Stackoverflow.m in Sources */ = {isa = PBXBuildFile; fileRef = F58ADEB11D8E9D6200F1B67D /* NSString+Stackoverflow.m */; };
		F58ADEE81D8E9D6200F1B67D /* CoreModelConst.m in Sources */ = {isa = PBXBuildFile; fileRef = F58ADEB41D8E9D6200F1B67D /* CoreModelConst.m */; };
		F58ADEE91D8E9D6200F1B67D /* CoreProperty.m in Sources */ = {isa = PBXBuildFile; fileRef = F58ADEBA1D8E9D6200F1B67D /* CoreProperty.m */; };
		F58ADEEA1D8E9D6200F1B67D /* NSObject+Runtime.m in Sources */ = {isa = PBXBuildFile; fileRef = F58ADEBC1D8E9D6200F1B67D /* NSObject+Runtime.m */; };
		F58ADEEB1D8E9D6200F1B67D /* CoreFMDB.m in Sources */ = {isa = PBXBuildFile; fileRef = F58ADEC21D8E9D6200F1B67D /* CoreFMDB.m */; };
		F58ADEEC1D8E9D6200F1B67D /* NSString+CoreFMDB.m in Sources */ = {isa = PBXBuildFile; fileRef = F58ADEC61D8E9D6200F1B67D /* NSString+CoreFMDB.m */; };
		F58ADEED1D8E9D6200F1B67D /* FMDatabase.m in Sources */ = {isa = PBXBuildFile; fileRef = F58ADEC91D8E9D6200F1B67D /* FMDatabase.m */; };
		F58ADEEE1D8E9D6200F1B67D /* FMDatabaseAdditions.m in Sources */ = {isa = PBXBuildFile; fileRef = F58ADECB1D8E9D6200F1B67D /* FMDatabaseAdditions.m */; };
		F58ADEEF1D8E9D6200F1B67D /* FMDatabasePool.m in Sources */ = {isa = PBXBuildFile; fileRef = F58ADECD1D8E9D6200F1B67D /* FMDatabasePool.m */; };
		F58ADEF01D8E9D6200F1B67D /* FMDatabaseQueue.m in Sources */ = {isa = PBXBuildFile; fileRef = F58ADECF1D8E9D6200F1B67D /* FMDatabaseQueue.m */; };
		F58ADEF11D8E9D6200F1B67D /* FMResultSet.m in Sources */ = {isa = PBXBuildFile; fileRef = F58ADED21D8E9D6200F1B67D /* FMResultSet.m */; };
		F58ADEF51D8E9E5400F1B67D /* DownloadObject.m in Sources */ = {isa = PBXBuildFile; fileRef = F58ADEF41D8E9E5400F1B67D /* DownloadObject.m */; };
		F58ADEF71D8E9F9D00F1B67D /* libsqlite3.tbd in Frameworks */ = {isa = PBXBuildFile; fileRef = F58ADEF61D8E9F9D00F1B67D /* libsqlite3.tbd */; };
		F58ADEFA1D8FB33300F1B67D /* DownLoadListViewController.m in Sources */ = {isa = PBXBuildFile; fileRef = F58ADEF91D8FB33300F1B67D /* DownLoadListViewController.m */; };
		F58ADEFD1D8FB3DF00F1B67D /* TableBaseViewController.m in Sources */ = {isa = PBXBuildFile; fileRef = F58ADEFC1D8FB3DF00F1B67D /* TableBaseViewController.m */; };
		F58ADF011D8FB67800F1B67D /* DownLoadListCell.m in Sources */ = {isa = PBXBuildFile; fileRef = F58ADEFF1D8FB67800F1B67D /* DownLoadListCell.m */; };
		F58ADF021D8FB67800F1B67D /* DownLoadListCell.xib in Resources */ = {isa = PBXBuildFile; fileRef = F58ADF001D8FB67800F1B67D /* DownLoadListCell.xib */; };
		F5F062201D87EDAF009FD9FB /* main.m in Sources */ = {isa = PBXBuildFile; fileRef = F5F0621F1D87EDAF009FD9FB /* main.m */; };
		F5F062231D87EDAF009FD9FB /* AppDelegate.m in Sources */ = {isa = PBXBuildFile; fileRef = F5F062221D87EDAF009FD9FB /* AppDelegate.m */; };
		F5F062261D87EDAF009FD9FB /* ViewController.m in Sources */ = {isa = PBXBuildFile; fileRef = F5F062251D87EDAF009FD9FB /* ViewController.m */; };
		F5F062291D87EDAF009FD9FB /* Main.storyboard in Resources */ = {isa = PBXBuildFile; fileRef = F5F062271D87EDAF009FD9FB /* Main.storyboard */; };
		F5F0622B1D87EDAF009FD9FB /* Assets.xcassets in Resources */ = {isa = PBXBuildFile; fileRef = F5F0622A1D87EDAF009FD9FB /* Assets.xcassets */; };
		F5F0622E1D87EDAF009FD9FB /* LaunchScreen.storyboard in Resources */ = {isa = PBXBuildFile; fileRef = F5F0622C1D87EDAF009FD9FB /* LaunchScreen.storyboard */; };
		F5F062391D87EDAF009FD9FB /* ABBVideoDownloadPlayerTests.m in Sources */ = {isa = PBXBuildFile; fileRef = F5F062381D87EDAF009FD9FB /* ABBVideoDownloadPlayerTests.m */; };
		F5F062441D87EDAF009FD9FB /* ABBVideoDownloadPlayerUITests.m in Sources */ = {isa = PBXBuildFile; fileRef = F5F062431D87EDAF009FD9FB /* ABBVideoDownloadPlayerUITests.m */; };
		F5F062981D87EE6A009FD9FB /* UIScrollView+WHC_PullRefresh.m in Sources */ = {isa = PBXBuildFile; fileRef = F5F0627D1D87EE6A009FD9FB /* UIScrollView+WHC_PullRefresh.m */; };
		F5F062991D87EE6A009FD9FB /* UIView+WHC_Loading.m in Sources */ = {isa = PBXBuildFile; fileRef = F5F0627F1D87EE6A009FD9FB /* UIView+WHC_Loading.m */; };
		F5F0629A1D87EE6A009FD9FB /* UIView+WHC_Toast.m in Sources */ = {isa = PBXBuildFile; fileRef = F5F062811D87EE6A009FD9FB /* UIView+WHC_Toast.m */; };
		F5F0629B1D87EE6A009FD9FB /* UIView+WHC_ViewProperty.m in Sources */ = {isa = PBXBuildFile; fileRef = F5F062831D87EE6A009FD9FB /* UIView+WHC_ViewProperty.m */; };
		F5F0629C1D87EE6A009FD9FB /* WHC_DownloadObject.m in Sources */ = {isa = PBXBuildFile; fileRef = F5F062851D87EE6A009FD9FB /* WHC_DownloadObject.m */; };
		F5FB66AB1D87F8ED00A39237 /* ViewController.xib in Resources */ = {isa = PBXBuildFile; fileRef = F5FB66AA1D87F8ED00A39237 /* ViewController.xib */; };
		F5FB66AD1D87FAB600A39237 /* Foundation.framework in Frameworks */ = {isa = PBXBuildFile; fileRef = F5FB66AC1D87FAB600A39237 /* Foundation.framework */; };
		F80A8EDBD42279A77F2C17B2 /* libPods.a in Frameworks */ = {isa = PBXBuildFile; fileRef = 3A341F9527927B27A5D45564 /* libPods.a */; };
/* End PBXBuildFile section */

/* Begin PBXContainerItemProxy section */
		F5F062351D87EDAF009FD9FB /* PBXContainerItemProxy */ = {
			isa = PBXContainerItemProxy;
			containerPortal = F5F062131D87EDAF009FD9FB /* Project object */;
			proxyType = 1;
			remoteGlobalIDString = F5F0621A1D87EDAF009FD9FB;
			remoteInfo = ABBVideoDownloadPlayer;
		};
		F5F062401D87EDAF009FD9FB /* PBXContainerItemProxy */ = {
			isa = PBXContainerItemProxy;
			containerPortal = F5F062131D87EDAF009FD9FB /* Project object */;
			proxyType = 1;
			remoteGlobalIDString = F5F0621A1D87EDAF009FD9FB;
			remoteInfo = ABBVideoDownloadPlayer;
		};
/* End PBXContainerItemProxy section */

/* Begin PBXFileReference section */
		3A341F9527927B27A5D45564 /* libPods.a */ = {isa = PBXFileReference; explicitFileType = archive.ar; includeInIndex = 0; path = libPods.a; sourceTree = BUILT_PRODUCTS_DIR; };
		683709A844C217391A82D121 /* Pods.debug.xcconfig */ = {isa = PBXFileReference; includeInIndex = 1; lastKnownFileType = text.xcconfig; name = Pods.debug.xcconfig; path = "Pods/Target Support Files/Pods/Pods.debug.xcconfig"; sourceTree = "<group>"; };
		B490FFEBB404A6F349D664F0 /* Pods.release.xcconfig */ = {isa = PBXFileReference; includeInIndex = 1; lastKnownFileType = text.xcconfig; name = Pods.release.xcconfig; path = "Pods/Target Support Files/Pods/Pods.release.xcconfig"; sourceTree = "<group>"; };
		F540E4721D910CAB00D26CBF /* WMPlayer.bundle */ = {isa = PBXFileReference; lastKnownFileType = "wrapper.plug-in"; path = WMPlayer.bundle; sourceTree = "<group>"; };
		F540E4731D910CAB00D26CBF /* WMPlayer.h */ = {isa = PBXFileReference; fileEncoding = 4; lastKnownFileType = sourcecode.c.h; path = WMPlayer.h; sourceTree = "<group>"; };
		F540E4741D910CAB00D26CBF /* WMPlayer.m */ = {isa = PBXFileReference; fileEncoding = 4; lastKnownFileType = sourcecode.c.objc; path = WMPlayer.m; sourceTree = "<group>"; };
		F540E4781D910CB300D26CBF /* MASCompositeConstraint.h */ = {isa = PBXFileReference; fileEncoding = 4; lastKnownFileType = sourcecode.c.h; path = MASCompositeConstraint.h; sourceTree = "<group>"; };
		F540E4791D910CB300D26CBF /* MASCompositeConstraint.m */ = {isa = PBXFileReference; fileEncoding = 4; lastKnownFileType = sourcecode.c.objc; path = MASCompositeConstraint.m; sourceTree = "<group>"; };
		F540E47A1D910CB300D26CBF /* MASConstraint+Private.h */ = {isa = PBXFileReference; fileEncoding = 4; lastKnownFileType = sourcecode.c.h; path = "MASConstraint+Private.h"; sourceTree = "<group>"; };
		F540E47B1D910CB300D26CBF /* MASConstraint.h */ = {isa = PBXFileReference; fileEncoding = 4; lastKnownFileType = sourcecode.c.h; path = MASConstraint.h; sourceTree = "<group>"; };
		F540E47C1D910CB300D26CBF /* MASConstraint.m */ = {isa = PBXFileReference; fileEncoding = 4; lastKnownFileType = sourcecode.c.objc; path = MASConstraint.m; sourceTree = "<group>"; };
		F540E47D1D910CB300D26CBF /* MASConstraintMaker.h */ = {isa = PBXFileReference; fileEncoding = 4; lastKnownFileType = sourcecode.c.h; path = MASConstraintMaker.h; sourceTree = "<group>"; };
		F540E47E1D910CB300D26CBF /* MASConstraintMaker.m */ = {isa = PBXFileReference; fileEncoding = 4; lastKnownFileType = sourcecode.c.objc; path = MASConstraintMaker.m; sourceTree = "<group>"; };
		F540E47F1D910CB300D26CBF /* MASLayoutConstraint.h */ = {isa = PBXFileReference; fileEncoding = 4; lastKnownFileType = sourcecode.c.h; path = MASLayoutConstraint.h; sourceTree = "<group>"; };
		F540E4801D910CB300D26CBF /* MASLayoutConstraint.m */ = {isa = PBXFileReference; fileEncoding = 4; lastKnownFileType = sourcecode.c.objc; path = MASLayoutConstraint.m; sourceTree = "<group>"; };
		F540E4811D910CB300D26CBF /* Masonry.h */ = {isa = PBXFileReference; fileEncoding = 4; lastKnownFileType = sourcecode.c.h; path = Masonry.h; sourceTree = "<group>"; };
		F540E4821D910CB300D26CBF /* MASUtilities.h */ = {isa = PBXFileReference; fileEncoding = 4; lastKnownFileType = sourcecode.c.h; path = MASUtilities.h; sourceTree = "<group>"; };
		F540E4831D910CB300D26CBF /* MASViewAttribute.h */ = {isa = PBXFileReference; fileEncoding = 4; lastKnownFileType = sourcecode.c.h; path = MASViewAttribute.h; sourceTree = "<group>"; };
		F540E4841D910CB300D26CBF /* MASViewAttribute.m */ = {isa = PBXFileReference; fileEncoding = 4; lastKnownFileType = sourcecode.c.objc; path = MASViewAttribute.m; sourceTree = "<group>"; };
		F540E4851D910CB300D26CBF /* MASViewConstraint.h */ = {isa = PBXFileReference; fileEncoding = 4; lastKnownFileType = sourcecode.c.h; path = MASViewConstraint.h; sourceTree = "<group>"; };
		F540E4861D910CB300D26CBF /* MASViewConstraint.m */ = {isa = PBXFileReference; fileEncoding = 4; lastKnownFileType = sourcecode.c.objc; path = MASViewConstraint.m; sourceTree = "<group>"; };
		F540E4871D910CB300D26CBF /* NSArray+MASAdditions.h */ = {isa = PBXFileReference; fileEncoding = 4; lastKnownFileType = sourcecode.c.h; path = "NSArray+MASAdditions.h"; sourceTree = "<group>"; };
		F540E4881D910CB300D26CBF /* NSArray+MASAdditions.m */ = {isa = PBXFileReference; fileEncoding = 4; lastKnownFileType = sourcecode.c.objc; path = "NSArray+MASAdditions.m"; sourceTree = "<group>"; };
		F540E4891D910CB300D26CBF /* NSArray+MASShorthandAdditions.h */ = {isa = PBXFileReference; fileEncoding = 4; lastKnownFileType = sourcecode.c.h; path = "NSArray+MASShorthandAdditions.h"; sourceTree = "<group>"; };
		F540E48A1D910CB300D26CBF /* NSLayoutConstraint+MASDebugAdditions.h */ = {isa = PBXFileReference; fileEncoding = 4; lastKnownFileType = sourcecode.c.h; path = "NSLayoutConstraint+MASDebugAdditions.h"; sourceTree = "<group>"; };
		F540E48B1D910CB300D26CBF /* NSLayoutConstraint+MASDebugAdditions.m */ = {isa = PBXFileReference; fileEncoding = 4; lastKnownFileType = sourcecode.c.objc; path = "NSLayoutConstraint+MASDebugAdditions.m"; sourceTree = "<group>"; };
		F540E48C1D910CB300D26CBF /* View+MASAdditions.h */ = {isa = PBXFileReference; fileEncoding = 4; lastKnownFileType = sourcecode.c.h; path = "View+MASAdditions.h"; sourceTree = "<group>"; };
		F540E48D1D910CB300D26CBF /* View+MASAdditions.m */ = {isa = PBXFileReference; fileEncoding = 4; lastKnownFileType = sourcecode.c.objc; path = "View+MASAdditions.m"; sourceTree = "<group>"; };
		F540E48E1D910CB300D26CBF /* View+MASShorthandAdditions.h */ = {isa = PBXFileReference; fileEncoding = 4; lastKnownFileType = sourcecode.c.h; path = "View+MASShorthandAdditions.h"; sourceTree = "<group>"; };
		F540E4981D910D0800D26CBF /* DetailViewController.h */ = {isa = PBXFileReference; fileEncoding = 4; lastKnownFileType = sourcecode.c.h; path = DetailViewController.h; sourceTree = "<group>"; };
		F540E4991D910D0800D26CBF /* DetailViewController.m */ = {isa = PBXFileReference; fileEncoding = 4; lastKnownFileType = sourcecode.c.objc; path = DetailViewController.m; sourceTree = "<group>"; };
		F58ADE821D8E9D6200F1B67D /* CommonVC.h */ = {isa = PBXFileReference; fileEncoding = 4; lastKnownFileType = sourcecode.c.h; path = CommonVC.h; sourceTree = "<group>"; };
		F58ADE831D8E9D6200F1B67D /* CommonVC.m */ = {isa = PBXFileReference; fileEncoding = 4; lastKnownFileType = sourcecode.c.objc; path = CommonVC.m; sourceTree = "<group>"; };
		F58ADE851D8E9D6200F1B67D /* CoreSVP.h */ = {isa = PBXFileReference; fileEncoding = 4; lastKnownFileType = sourcecode.c.h; path = CoreSVP.h; sourceTree = "<group>"; };
		F58ADE861D8E9D6200F1B67D /* CoreSVP.m */ = {isa = PBXFileReference; fileEncoding = 4; lastKnownFileType = sourcecode.c.objc; path = CoreSVP.m; sourceTree = "<group>"; };
		F58ADE881D8E9D6200F1B67D /* SVP.bundle */ = {isa = PBXFileReference; lastKnownFileType = "wrapper.plug-in"; path = SVP.bundle; sourceTree = "<group>"; };
		F58ADE8A1D8E9D6200F1B67D /* SVIndefiniteAnimatedView.h */ = {isa = PBXFileReference; fileEncoding = 4; lastKnownFileType = sourcecode.c.h; path = SVIndefiniteAnimatedView.h; sourceTree = "<group>"; };
		F58ADE8B1D8E9D6200F1B67D /* SVIndefiniteAnimatedView.m */ = {isa = PBXFileReference; fileEncoding = 4; lastKnownFileType = sourcecode.c.objc; path = SVIndefiniteAnimatedView.m; sourceTree = "<group>"; };
		F58ADE8C1D8E9D6200F1B67D /* SVProgressHUD-Prefix.pch */ = {isa = PBXFileReference; fileEncoding = 4; lastKnownFileType = sourcecode.c.h; path = "SVProgressHUD-Prefix.pch"; sourceTree = "<group>"; };
		F58ADE8D1D8E9D6200F1B67D /* SVProgressHUD.bundle */ = {isa = PBXFileReference; lastKnownFileType = "wrapper.plug-in"; path = SVProgressHUD.bundle; sourceTree = "<group>"; };
		F58ADE8E1D8E9D6200F1B67D /* SVProgressHUD.h */ = {isa = PBXFileReference; fileEncoding = 4; lastKnownFileType = sourcecode.c.h; path = SVProgressHUD.h; sourceTree = "<group>"; };
		F58ADE8F1D8E9D6200F1B67D /* SVProgressHUD.m */ = {isa = PBXFileReference; fileEncoding = 4; lastKnownFileType = sourcecode.c.objc; path = SVProgressHUD.m; sourceTree = "<group>"; };
		F58ADE911D8E9D6200F1B67D /* CoreModel.h */ = {isa = PBXFileReference; fileEncoding = 4; lastKnownFileType = sourcecode.c.h; path = CoreModel.h; sourceTree = "<group>"; };
		F58ADE921D8E9D6200F1B67D /* CoreModel.m */ = {isa = PBXFileReference; fileEncoding = 4; lastKnownFileType = sourcecode.c.objc; path = CoreModel.m; sourceTree = "<group>"; };
		F58ADE961D8E9D6200F1B67D /* NSArray+CoreModel.h */ = {isa = PBXFileReference; fileEncoding = 4; lastKnownFileType = sourcecode.c.h; path = "NSArray+CoreModel.h"; sourceTree = "<group>"; };
		F58ADE971D8E9D6200F1B67D /* NSArray+CoreModel.m */ = {isa = PBXFileReference; fileEncoding = 4; lastKnownFileType = sourcecode.c.objc; path = "NSArray+CoreModel.m"; sourceTree = "<group>"; };
		F58ADE991D8E9D6200F1B67D /* NSDictionary+Sqlite.h */ = {isa = PBXFileReference; fileEncoding = 4; lastKnownFileType = sourcecode.c.h; path = "NSDictionary+Sqlite.h"; sourceTree = "<group>"; };
		F58ADE9A1D8E9D6200F1B67D /* NSDictionary+Sqlite.m */ = {isa = PBXFileReference; fileEncoding = 4; lastKnownFileType = sourcecode.c.objc; path = "NSDictionary+Sqlite.m"; sourceTree = "<group>"; };
		F58ADE9C1D8E9D6200F1B67D /* CoreModel+Cache.h */ = {isa = PBXFileReference; fileEncoding = 4; lastKnownFileType = sourcecode.c.h; path = "CoreModel+Cache.h"; sourceTree = "<group>"; };
		F58ADE9D1D8E9D6200F1B67D /* CoreModel+Cache.m */ = {isa = PBXFileReference; fileEncoding = 4; lastKnownFileType = sourcecode.c.objc; path = "CoreModel+Cache.m"; sourceTree = "<group>"; };
		F58ADE9E1D8E9D6200F1B67D /* NSObject+CoreModelCommon.h */ = {isa = PBXFileReference; fileEncoding = 4; lastKnownFileType = sourcecode.c.h; path = "NSObject+CoreModelCommon.h"; sourceTree = "<group>"; };
		F58ADE9F1D8E9D6200F1B67D /* NSObject+CoreModelCommon.m */ = {isa = PBXFileReference; fileEncoding = 4; lastKnownFileType = sourcecode.c.objc; path = "NSObject+CoreModelCommon.m"; sourceTree = "<group>"; };
		F58ADEA01D8E9D6200F1B67D /* NSObject+Create.h */ = {isa = PBXFileReference; fileEncoding = 4; lastKnownFileType = sourcecode.c.h; path = "NSObject+Create.h"; sourceTree = "<group>"; };
		F58ADEA11D8E9D6200F1B67D /* NSObject+Create.m */ = {isa = PBXFileReference; fileEncoding = 4; lastKnownFileType = sourcecode.c.objc; path = "NSObject+Create.m"; sourceTree = "<group>"; };
		F58ADEA21D8E9D6200F1B67D /* NSObject+Delete.h */ = {isa = PBXFileReference; fileEncoding = 4; lastKnownFileType = sourcecode.c.h; path = "NSObject+Delete.h"; sourceTree = "<group>"; };
		F58ADEA31D8E9D6200F1B67D /* NSObject+Delete.m */ = {isa = PBXFileReference; fileEncoding = 4; lastKnownFileType = sourcecode.c.objc; path = "NSObject+Delete.m"; sourceTree = "<group>"; };
		F58ADEA41D8E9D6200F1B67D /* NSObject+Insert.h */ = {isa = PBXFileReference; fileEncoding = 4; lastKnownFileType = sourcecode.c.h; path = "NSObject+Insert.h"; sourceTree = "<group>"; };
		F58ADEA51D8E9D6200F1B67D /* NSObject+Insert.m */ = {isa = PBXFileReference; fileEncoding = 4; lastKnownFileType = sourcecode.c.objc; path = "NSObject+Insert.m"; sourceTree = "<group>"; };
		F58ADEA61D8E9D6200F1B67D /* NSObject+Save.h */ = {isa = PBXFileReference; fileEncoding = 4; lastKnownFileType = sourcecode.c.h; path = "NSObject+Save.h"; sourceTree = "<group>"; };
		F58ADEA71D8E9D6200F1B67D /* NSObject+Save.m */ = {isa = PBXFileReference; fileEncoding = 4; lastKnownFileType = sourcecode.c.objc; path = "NSObject+Save.m"; sourceTree = "<group>"; };
		F58ADEA81D8E9D6200F1B67D /* NSObject+Select.h */ = {isa = PBXFileReference; fileEncoding = 4; lastKnownFileType = sourcecode.c.h; path = "NSObject+Select.h"; sourceTree = "<group>"; };
		F58ADEA91D8E9D6200F1B67D /* NSObject+Select.m */ = {isa = PBXFileReference; fileEncoding = 4; lastKnownFileType = sourcecode.c.objc; path = "NSObject+Select.m"; sourceTree = "<group>"; };
		F58ADEAA1D8E9D6200F1B67D /* NSObject+Update.h */ = {isa = PBXFileReference; fileEncoding = 4; lastKnownFileType = sourcecode.c.h; path = "NSObject+Update.h"; sourceTree = "<group>"; };
		F58ADEAB1D8E9D6200F1B67D /* NSObject+Update.m */ = {isa = PBXFileReference; fileEncoding = 4; lastKnownFileType = sourcecode.c.objc; path = "NSObject+Update.m"; sourceTree = "<group>"; };
		F58ADEAD1D8E9D6200F1B67D /* NSOperationQueue+Queue.h */ = {isa = PBXFileReference; fileEncoding = 4; lastKnownFileType = sourcecode.c.h; path = "NSOperationQueue+Queue.h"; sourceTree = "<group>"; };
		F58ADEAE1D8E9D6200F1B67D /* NSOperationQueue+Queue.m */ = {isa = PBXFileReference; fileEncoding = 4; lastKnownFileType = sourcecode.c.objc; path = "NSOperationQueue+Queue.m"; sourceTree = "<group>"; };
		F58ADEB01D8E9D6200F1B67D /* NSString+Stackoverflow.h */ = {isa = PBXFileReference; fileEncoding = 4; lastKnownFileType = sourcecode.c.h; path = "NSString+Stackoverflow.h"; sourceTree = "<group>"; };
		F58ADEB11D8E9D6200F1B67D /* NSString+Stackoverflow.m */ = {isa = PBXFileReference; fileEncoding = 4; lastKnownFileType = sourcecode.c.objc; path = "NSString+Stackoverflow.m"; sourceTree = "<group>"; };
		F58ADEB31D8E9D6200F1B67D /* CoreModelConst.h */ = {isa = PBXFileReference; fileEncoding = 4; lastKnownFileType = sourcecode.c.h; path = CoreModelConst.h; sourceTree = "<group>"; };
		F58ADEB41D8E9D6200F1B67D /* CoreModelConst.m */ = {isa = PBXFileReference; fileEncoding = 4; lastKnownFileType = sourcecode.c.objc; path = CoreModelConst.m; sourceTree = "<group>"; };
		F58ADEB61D8E9D6200F1B67D /* CoreModelProtocol.h */ = {isa = PBXFileReference; fileEncoding = 4; lastKnownFileType = sourcecode.c.h; path = CoreModelProtocol.h; sourceTree = "<group>"; };
		F58ADEB71D8E9D6200F1B67D /* CorePageModelProtocol.h */ = {isa = PBXFileReference; fileEncoding = 4; lastKnownFileType = sourcecode.c.h; path = CorePageModelProtocol.h; sourceTree = "<group>"; };
		F58ADEB91D8E9D6200F1B67D /* CoreProperty.h */ = {isa = PBXFileReference; fileEncoding = 4; lastKnownFileType = sourcecode.c.h; path = CoreProperty.h; sourceTree = "<group>"; };
		F58ADEBA1D8E9D6200F1B67D /* CoreProperty.m */ = {isa = PBXFileReference; fileEncoding = 4; lastKnownFileType = sourcecode.c.objc; path = CoreProperty.m; sourceTree = "<group>"; };
		F58ADEBB1D8E9D6200F1B67D /* NSObject+Runtime.h */ = {isa = PBXFileReference; fileEncoding = 4; lastKnownFileType = sourcecode.c.h; path = "NSObject+Runtime.h"; sourceTree = "<group>"; };
		F58ADEBC1D8E9D6200F1B67D /* NSObject+Runtime.m */ = {isa = PBXFileReference; fileEncoding = 4; lastKnownFileType = sourcecode.c.objc; path = "NSObject+Runtime.m"; sourceTree = "<group>"; };
		F58ADEBE1D8E9D6200F1B67D /* CoreModelType.h */ = {isa = PBXFileReference; fileEncoding = 4; lastKnownFileType = sourcecode.c.h; path = CoreModelType.h; sourceTree = "<group>"; };
		F58ADEC11D8E9D6200F1B67D /* CoreFMDB.h */ = {isa = PBXFileReference; fileEncoding = 4; lastKnownFileType = sourcecode.c.h; path = CoreFMDB.h; sourceTree = "<group>"; };
		F58ADEC21D8E9D6200F1B67D /* CoreFMDB.m */ = {isa = PBXFileReference; fileEncoding = 4; lastKnownFileType = sourcecode.c.objc; path = CoreFMDB.m; sourceTree = "<group>"; };
		F58ADEC51D8E9D6200F1B67D /* NSString+CoreFMDB.h */ = {isa = PBXFileReference; fileEncoding = 4; lastKnownFileType = sourcecode.c.h; path = "NSString+CoreFMDB.h"; sourceTree = "<group>"; };
		F58ADEC61D8E9D6200F1B67D /* NSString+CoreFMDB.m */ = {isa = PBXFileReference; fileEncoding = 4; lastKnownFileType = sourcecode.c.objc; path = "NSString+CoreFMDB.m"; sourceTree = "<group>"; };
		F58ADEC81D8E9D6200F1B67D /* FMDatabase.h */ = {isa = PBXFileReference; fileEncoding = 4; lastKnownFileType = sourcecode.c.h; path = FMDatabase.h; sourceTree = "<group>"; };
		F58ADEC91D8E9D6200F1B67D /* FMDatabase.m */ = {isa = PBXFileReference; fileEncoding = 4; lastKnownFileType = sourcecode.c.objc; path = FMDatabase.m; sourceTree = "<group>"; };
		F58ADECA1D8E9D6200F1B67D /* FMDatabaseAdditions.h */ = {isa = PBXFileReference; fileEncoding = 4; lastKnownFileType = sourcecode.c.h; path = FMDatabaseAdditions.h; sourceTree = "<group>"; };
		F58ADECB1D8E9D6200F1B67D /* FMDatabaseAdditions.m */ = {isa = PBXFileReference; fileEncoding = 4; lastKnownFileType = sourcecode.c.objc; path = FMDatabaseAdditions.m; sourceTree = "<group>"; };
		F58ADECC1D8E9D6200F1B67D /* FMDatabasePool.h */ = {isa = PBXFileReference; fileEncoding = 4; lastKnownFileType = sourcecode.c.h; path = FMDatabasePool.h; sourceTree = "<group>"; };
		F58ADECD1D8E9D6200F1B67D /* FMDatabasePool.m */ = {isa = PBXFileReference; fileEncoding = 4; lastKnownFileType = sourcecode.c.objc; path = FMDatabasePool.m; sourceTree = "<group>"; };
		F58ADECE1D8E9D6200F1B67D /* FMDatabaseQueue.h */ = {isa = PBXFileReference; fileEncoding = 4; lastKnownFileType = sourcecode.c.h; path = FMDatabaseQueue.h; sourceTree = "<group>"; };
		F58ADECF1D8E9D6200F1B67D /* FMDatabaseQueue.m */ = {isa = PBXFileReference; fileEncoding = 4; lastKnownFileType = sourcecode.c.objc; path = FMDatabaseQueue.m; sourceTree = "<group>"; };
		F58ADED01D8E9D6200F1B67D /* FMDB.h */ = {isa = PBXFileReference; fileEncoding = 4; lastKnownFileType = sourcecode.c.h; path = FMDB.h; sourceTree = "<group>"; };
		F58ADED11D8E9D6200F1B67D /* FMResultSet.h */ = {isa = PBXFileReference; fileEncoding = 4; lastKnownFileType = sourcecode.c.h; path = FMResultSet.h; sourceTree = "<group>"; };
		F58ADED21D8E9D6200F1B67D /* FMResultSet.m */ = {isa = PBXFileReference; fileEncoding = 4; lastKnownFileType = sourcecode.c.objc; path = FMResultSet.m; sourceTree = "<group>"; };
		F58ADED41D8E9D6200F1B67D /* CoreFMDBSingleton.h */ = {isa = PBXFileReference; fileEncoding = 4; lastKnownFileType = sourcecode.c.h; path = CoreFMDBSingleton.h; sourceTree = "<group>"; };
		F58ADEF31D8E9E5400F1B67D /* DownloadObject.h */ = {isa = PBXFileReference; fileEncoding = 4; lastKnownFileType = sourcecode.c.h; path = DownloadObject.h; sourceTree = "<group>"; };
		F58ADEF41D8E9E5400F1B67D /* DownloadObject.m */ = {isa = PBXFileReference; fileEncoding = 4; lastKnownFileType = sourcecode.c.objc; path = DownloadObject.m; sourceTree = "<group>"; };
		F58ADEF61D8E9F9D00F1B67D /* libsqlite3.tbd */ = {isa = PBXFileReference; lastKnownFileType = "sourcecode.text-based-dylib-definition"; name = libsqlite3.tbd; path = usr/lib/libsqlite3.tbd; sourceTree = SDKROOT; };
		F58ADEF81D8FB33300F1B67D /* DownLoadListViewController.h */ = {isa = PBXFileReference; fileEncoding = 4; lastKnownFileType = sourcecode.c.h; path = DownLoadListViewController.h; sourceTree = "<group>"; };
		F58ADEF91D8FB33300F1B67D /* DownLoadListViewController.m */ = {isa = PBXFileReference; fileEncoding = 4; lastKnownFileType = sourcecode.c.objc; path = DownLoadListViewController.m; sourceTree = "<group>"; };
		F58ADEFB1D8FB3DF00F1B67D /* TableBaseViewController.h */ = {isa = PBXFileReference; fileEncoding = 4; lastKnownFileType = sourcecode.c.h; path = TableBaseViewController.h; sourceTree = "<group>"; };
		F58ADEFC1D8FB3DF00F1B67D /* TableBaseViewController.m */ = {isa = PBXFileReference; fileEncoding = 4; lastKnownFileType = sourcecode.c.objc; path = TableBaseViewController.m; sourceTree = "<group>"; };
		F58ADEFE1D8FB67800F1B67D /* DownLoadListCell.h */ = {isa = PBXFileReference; fileEncoding = 4; lastKnownFileType = sourcecode.c.h; path = DownLoadListCell.h; sourceTree = "<group>"; };
		F58ADEFF1D8FB67800F1B67D /* DownLoadListCell.m */ = {isa = PBXFileReference; fileEncoding = 4; lastKnownFileType = sourcecode.c.objc; path = DownLoadListCell.m; sourceTree = "<group>"; };
		F58ADF001D8FB67800F1B67D /* DownLoadListCell.xib */ = {isa = PBXFileReference; fileEncoding = 4; lastKnownFileType = file.xib; path = DownLoadListCell.xib; sourceTree = "<group>"; };
		F5F0621B1D87EDAF009FD9FB /* ABBVideoDownloadPlayer.app */ = {isa = PBXFileReference; explicitFileType = wrapper.application; includeInIndex = 0; path = ABBVideoDownloadPlayer.app; sourceTree = BUILT_PRODUCTS_DIR; };
		F5F0621F1D87EDAF009FD9FB /* main.m */ = {isa = PBXFileReference; lastKnownFileType = sourcecode.c.objc; path = main.m; sourceTree = "<group>"; };
		F5F062211D87EDAF009FD9FB /* AppDelegate.h */ = {isa = PBXFileReference; lastKnownFileType = sourcecode.c.h; path = AppDelegate.h; sourceTree = "<group>"; };
		F5F062221D87EDAF009FD9FB /* AppDelegate.m */ = {isa = PBXFileReference; lastKnownFileType = sourcecode.c.objc; path = AppDelegate.m; sourceTree = "<group>"; };
		F5F062241D87EDAF009FD9FB /* ViewController.h */ = {isa = PBXFileReference; lastKnownFileType = sourcecode.c.h; path = ViewController.h; sourceTree = "<group>"; };
		F5F062251D87EDAF009FD9FB /* ViewController.m */ = {isa = PBXFileReference; lastKnownFileType = sourcecode.c.objc; path = ViewController.m; sourceTree = "<group>"; };
		F5F062281D87EDAF009FD9FB /* Base */ = {isa = PBXFileReference; lastKnownFileType = file.storyboard; name = Base; path = Base.lproj/Main.storyboard; sourceTree = "<group>"; };
		F5F0622A1D87EDAF009FD9FB /* Assets.xcassets */ = {isa = PBXFileReference; lastKnownFileType = folder.assetcatalog; path = Assets.xcassets; sourceTree = "<group>"; };
		F5F0622D1D87EDAF009FD9FB /* Base */ = {isa = PBXFileReference; lastKnownFileType = file.storyboard; name = Base; path = Base.lproj/LaunchScreen.storyboard; sourceTree = "<group>"; };
		F5F0622F1D87EDAF009FD9FB /* Info.plist */ = {isa = PBXFileReference; lastKnownFileType = text.plist.xml; path = Info.plist; sourceTree = "<group>"; };
		F5F062341D87EDAF009FD9FB /* ABBVideoDownloadPlayerTests.xctest */ = {isa = PBXFileReference; explicitFileType = wrapper.cfbundle; includeInIndex = 0; path = ABBVideoDownloadPlayerTests.xctest; sourceTree = BUILT_PRODUCTS_DIR; };
		F5F062381D87EDAF009FD9FB /* ABBVideoDownloadPlayerTests.m */ = {isa = PBXFileReference; lastKnownFileType = sourcecode.c.objc; path = ABBVideoDownloadPlayerTests.m; sourceTree = "<group>"; };
		F5F0623A1D87EDAF009FD9FB /* Info.plist */ = {isa = PBXFileReference; lastKnownFileType = text.plist.xml; path = Info.plist; sourceTree = "<group>"; };
		F5F0623F1D87EDAF009FD9FB /* ABBVideoDownloadPlayerUITests.xctest */ = {isa = PBXFileReference; explicitFileType = wrapper.cfbundle; includeInIndex = 0; path = ABBVideoDownloadPlayerUITests.xctest; sourceTree = BUILT_PRODUCTS_DIR; };
		F5F062431D87EDAF009FD9FB /* ABBVideoDownloadPlayerUITests.m */ = {isa = PBXFileReference; lastKnownFileType = sourcecode.c.objc; path = ABBVideoDownloadPlayerUITests.m; sourceTree = "<group>"; };
		F5F062451D87EDAF009FD9FB /* Info.plist */ = {isa = PBXFileReference; lastKnownFileType = text.plist.xml; path = Info.plist; sourceTree = "<group>"; };
		F5F0627C1D87EE6A009FD9FB /* UIScrollView+WHC_PullRefresh.h */ = {isa = PBXFileReference; fileEncoding = 4; lastKnownFileType = sourcecode.c.h; path = "UIScrollView+WHC_PullRefresh.h"; sourceTree = "<group>"; };
		F5F0627D1D87EE6A009FD9FB /* UIScrollView+WHC_PullRefresh.m */ = {isa = PBXFileReference; fileEncoding = 4; lastKnownFileType = sourcecode.c.objc; path = "UIScrollView+WHC_PullRefresh.m"; sourceTree = "<group>"; };
		F5F0627E1D87EE6A009FD9FB /* UIView+WHC_Loading.h */ = {isa = PBXFileReference; fileEncoding = 4; lastKnownFileType = sourcecode.c.h; path = "UIView+WHC_Loading.h"; sourceTree = "<group>"; };
		F5F0627F1D87EE6A009FD9FB /* UIView+WHC_Loading.m */ = {isa = PBXFileReference; fileEncoding = 4; lastKnownFileType = sourcecode.c.objc; path = "UIView+WHC_Loading.m"; sourceTree = "<group>"; };
		F5F062801D87EE6A009FD9FB /* UIView+WHC_Toast.h */ = {isa = PBXFileReference; fileEncoding = 4; lastKnownFileType = sourcecode.c.h; path = "UIView+WHC_Toast.h"; sourceTree = "<group>"; };
		F5F062811D87EE6A009FD9FB /* UIView+WHC_Toast.m */ = {isa = PBXFileReference; fileEncoding = 4; lastKnownFileType = sourcecode.c.objc; path = "UIView+WHC_Toast.m"; sourceTree = "<group>"; };
		F5F062821D87EE6A009FD9FB /* UIView+WHC_ViewProperty.h */ = {isa = PBXFileReference; fileEncoding = 4; lastKnownFileType = sourcecode.c.h; path = "UIView+WHC_ViewProperty.h"; sourceTree = "<group>"; };
		F5F062831D87EE6A009FD9FB /* UIView+WHC_ViewProperty.m */ = {isa = PBXFileReference; fileEncoding = 4; lastKnownFileType = sourcecode.c.objc; path = "UIView+WHC_ViewProperty.m"; sourceTree = "<group>"; };
		F5F062841D87EE6A009FD9FB /* WHC_DownloadObject.h */ = {isa = PBXFileReference; fileEncoding = 4; lastKnownFileType = sourcecode.c.h; path = WHC_DownloadObject.h; sourceTree = "<group>"; };
		F5F062851D87EE6A009FD9FB /* WHC_DownloadObject.m */ = {isa = PBXFileReference; fileEncoding = 4; lastKnownFileType = sourcecode.c.objc; path = WHC_DownloadObject.m; sourceTree = "<group>"; };
		F5FB66AA1D87F8ED00A39237 /* ViewController.xib */ = {isa = PBXFileReference; fileEncoding = 4; lastKnownFileType = file.xib; path = ViewController.xib; sourceTree = "<group>"; };
		F5FB66AC1D87FAB600A39237 /* Foundation.framework */ = {isa = PBXFileReference; lastKnownFileType = wrapper.framework; name = Foundation.framework; path = System/Library/Frameworks/Foundation.framework; sourceTree = SDKROOT; };
/* End PBXFileReference section */

/* Begin PBXFrameworksBuildPhase section */
		F5F062181D87EDAF009FD9FB /* Frameworks */ = {
			isa = PBXFrameworksBuildPhase;
			buildActionMask = 2147483647;
			files = (
				F58ADEF71D8E9F9D00F1B67D /* libsqlite3.tbd in Frameworks */,
				F5FB66AD1D87FAB600A39237 /* Foundation.framework in Frameworks */,
				F80A8EDBD42279A77F2C17B2 /* libPods.a in Frameworks */,
			);
			runOnlyForDeploymentPostprocessing = 0;
		};
		F5F062311D87EDAF009FD9FB /* Frameworks */ = {
			isa = PBXFrameworksBuildPhase;
			buildActionMask = 2147483647;
			files = (
			);
			runOnlyForDeploymentPostprocessing = 0;
		};
		F5F0623C1D87EDAF009FD9FB /* Frameworks */ = {
			isa = PBXFrameworksBuildPhase;
			buildActionMask = 2147483647;
			files = (
			);
			runOnlyForDeploymentPostprocessing = 0;
		};
/* End PBXFrameworksBuildPhase section */

/* Begin PBXGroup section */
		C37C8D79E1FCB50FB82B588D /* Frameworks */ = {
			isa = PBXGroup;
			children = (
				F58ADEF61D8E9F9D00F1B67D /* libsqlite3.tbd */,
				F5FB66AC1D87FAB600A39237 /* Foundation.framework */,
				3A341F9527927B27A5D45564 /* libPods.a */,
			);
			name = Frameworks;
			sourceTree = "<group>";
		};
		E21A106E17F95BF1A755F3FB /* Pods */ = {
			isa = PBXGroup;
			children = (
				683709A844C217391A82D121 /* Pods.debug.xcconfig */,
				B490FFEBB404A6F349D664F0 /* Pods.release.xcconfig */,
			);
			name = Pods;
			sourceTree = "<group>";
		};
		F540E4711D910CAB00D26CBF /* WMPlayerKit */ = {
			isa = PBXGroup;
			children = (
				F540E4981D910D0800D26CBF /* DetailViewController.h */,
				F540E4991D910D0800D26CBF /* DetailViewController.m */,
				F540E4721D910CAB00D26CBF /* WMPlayer.bundle */,
				F540E4731D910CAB00D26CBF /* WMPlayer.h */,
				F540E4741D910CAB00D26CBF /* WMPlayer.m */,
			);
			path = WMPlayerKit;
			sourceTree = "<group>";
		};
		F540E4771D910CB300D26CBF /* Masonry */ = {
			isa = PBXGroup;
			children = (
				F540E4781D910CB300D26CBF /* MASCompositeConstraint.h */,
				F540E4791D910CB300D26CBF /* MASCompositeConstraint.m */,
				F540E47A1D910CB300D26CBF /* MASConstraint+Private.h */,
				F540E47B1D910CB300D26CBF /* MASConstraint.h */,
				F540E47C1D910CB300D26CBF /* MASConstraint.m */,
				F540E47D1D910CB300D26CBF /* MASConstraintMaker.h */,
				F540E47E1D910CB300D26CBF /* MASConstraintMaker.m */,
				F540E47F1D910CB300D26CBF /* MASLayoutConstraint.h */,
				F540E4801D910CB300D26CBF /* MASLayoutConstraint.m */,
				F540E4811D910CB300D26CBF /* Masonry.h */,
				F540E4821D910CB300D26CBF /* MASUtilities.h */,
				F540E4831D910CB300D26CBF /* MASViewAttribute.h */,
				F540E4841D910CB300D26CBF /* MASViewAttribute.m */,
				F540E4851D910CB300D26CBF /* MASViewConstraint.h */,
				F540E4861D910CB300D26CBF /* MASViewConstraint.m */,
				F540E4871D910CB300D26CBF /* NSArray+MASAdditions.h */,
				F540E4881D910CB300D26CBF /* NSArray+MASAdditions.m */,
				F540E4891D910CB300D26CBF /* NSArray+MASShorthandAdditions.h */,
				F540E48A1D910CB300D26CBF /* NSLayoutConstraint+MASDebugAdditions.h */,
				F540E48B1D910CB300D26CBF /* NSLayoutConstraint+MASDebugAdditions.m */,
				F540E48C1D910CB300D26CBF /* View+MASAdditions.h */,
				F540E48D1D910CB300D26CBF /* View+MASAdditions.m */,
				F540E48E1D910CB300D26CBF /* View+MASShorthandAdditions.h */,
			);
			path = Masonry;
			sourceTree = "<group>";
		};
		F58ADE7F1D8E9D6200F1B67D /* CoreModel-lib */ = {
			isa = PBXGroup;
			children = (
				F58ADE801D8E9D6200F1B67D /* CommonVC */,
				F58ADE901D8E9D6200F1B67D /* CoreModel */,
				F58ADEBF1D8E9D6200F1B67D /* FrameWorks */,
			);
			path = "CoreModel-lib";
			sourceTree = "<group>";
		};
		F58ADE801D8E9D6200F1B67D /* CommonVC */ = {
			isa = PBXGroup;
			children = (
				F58ADE811D8E9D6200F1B67D /* Common */,
			);
			path = CommonVC;
			sourceTree = "<group>";
		};
		F58ADE811D8E9D6200F1B67D /* Common */ = {
			isa = PBXGroup;
			children = (
				F58ADE821D8E9D6200F1B67D /* CommonVC.h */,
				F58ADE831D8E9D6200F1B67D /* CommonVC.m */,
				F58ADE841D8E9D6200F1B67D /* CoreSVP */,
			);
			path = Common;
			sourceTree = "<group>";
		};
		F58ADE841D8E9D6200F1B67D /* CoreSVP */ = {
			isa = PBXGroup;
			children = (
				F58ADE851D8E9D6200F1B67D /* CoreSVP.h */,
				F58ADE861D8E9D6200F1B67D /* CoreSVP.m */,
				F58ADE871D8E9D6200F1B67D /* Lib */,
			);
			path = CoreSVP;
			sourceTree = "<group>";
		};
		F58ADE871D8E9D6200F1B67D /* Lib */ = {
			isa = PBXGroup;
			children = (
				F58ADE881D8E9D6200F1B67D /* SVP.bundle */,
				F58ADE891D8E9D6200F1B67D /* SVProgressHUD */,
			);
			path = Lib;
			sourceTree = "<group>";
		};
		F58ADE891D8E9D6200F1B67D /* SVProgressHUD */ = {
			isa = PBXGroup;
			children = (
				F58ADE8A1D8E9D6200F1B67D /* SVIndefiniteAnimatedView.h */,
				F58ADE8B1D8E9D6200F1B67D /* SVIndefiniteAnimatedView.m */,
				F58ADE8C1D8E9D6200F1B67D /* SVProgressHUD-Prefix.pch */,
				F58ADE8D1D8E9D6200F1B67D /* SVProgressHUD.bundle */,
				F58ADE8E1D8E9D6200F1B67D /* SVProgressHUD.h */,
				F58ADE8F1D8E9D6200F1B67D /* SVProgressHUD.m */,
			);
			path = SVProgressHUD;
			sourceTree = "<group>";
		};
		F58ADE901D8E9D6200F1B67D /* CoreModel */ = {
			isa = PBXGroup;
			children = (
				F58ADE911D8E9D6200F1B67D /* CoreModel.h */,
				F58ADE921D8E9D6200F1B67D /* CoreModel.m */,
				F58ADE931D8E9D6200F1B67D /* Lib */,
			);
			path = CoreModel;
			sourceTree = "<group>";
		};
		F58ADE931D8E9D6200F1B67D /* Lib */ = {
			isa = PBXGroup;
			children = (
				F58ADE941D8E9D6200F1B67D /* Category */,
				F58ADEB21D8E9D6200F1B67D /* CoreMoelConst */,
				F58ADEB51D8E9D6200F1B67D /* Protocol */,
				F58ADEB81D8E9D6200F1B67D /* Reflect */,
				F58ADEBD1D8E9D6200F1B67D /* Type */,
			);
			path = Lib;
			sourceTree = "<group>";
		};
		F58ADE941D8E9D6200F1B67D /* Category */ = {
			isa = PBXGroup;
			children = (
				F58ADE951D8E9D6200F1B67D /* NSArray */,
				F58ADE981D8E9D6200F1B67D /* NSDictionary */,
				F58ADE9B1D8E9D6200F1B67D /* NSObject */,
				F58ADEAC1D8E9D6200F1B67D /* NSOperationQueue */,
				F58ADEAF1D8E9D6200F1B67D /* NSString */,
			);
			path = Category;
			sourceTree = "<group>";
		};
		F58ADE951D8E9D6200F1B67D /* NSArray */ = {
			isa = PBXGroup;
			children = (
				F58ADE961D8E9D6200F1B67D /* NSArray+CoreModel.h */,
				F58ADE971D8E9D6200F1B67D /* NSArray+CoreModel.m */,
			);
			path = NSArray;
			sourceTree = "<group>";
		};
		F58ADE981D8E9D6200F1B67D /* NSDictionary */ = {
			isa = PBXGroup;
			children = (
				F58ADE991D8E9D6200F1B67D /* NSDictionary+Sqlite.h */,
				F58ADE9A1D8E9D6200F1B67D /* NSDictionary+Sqlite.m */,
			);
			path = NSDictionary;
			sourceTree = "<group>";
		};
		F58ADE9B1D8E9D6200F1B67D /* NSObject */ = {
			isa = PBXGroup;
			children = (
				F58ADE9C1D8E9D6200F1B67D /* CoreModel+Cache.h */,
				F58ADE9D1D8E9D6200F1B67D /* CoreModel+Cache.m */,
				F58ADE9E1D8E9D6200F1B67D /* NSObject+CoreModelCommon.h */,
				F58ADE9F1D8E9D6200F1B67D /* NSObject+CoreModelCommon.m */,
				F58ADEA01D8E9D6200F1B67D /* NSObject+Create.h */,
				F58ADEA11D8E9D6200F1B67D /* NSObject+Create.m */,
				F58ADEA21D8E9D6200F1B67D /* NSObject+Delete.h */,
				F58ADEA31D8E9D6200F1B67D /* NSObject+Delete.m */,
				F58ADEA41D8E9D6200F1B67D /* NSObject+Insert.h */,
				F58ADEA51D8E9D6200F1B67D /* NSObject+Insert.m */,
				F58ADEA61D8E9D6200F1B67D /* NSObject+Save.h */,
				F58ADEA71D8E9D6200F1B67D /* NSObject+Save.m */,
				F58ADEA81D8E9D6200F1B67D /* NSObject+Select.h */,
				F58ADEA91D8E9D6200F1B67D /* NSObject+Select.m */,
				F58ADEAA1D8E9D6200F1B67D /* NSObject+Update.h */,
				F58ADEAB1D8E9D6200F1B67D /* NSObject+Update.m */,
			);
			path = NSObject;
			sourceTree = "<group>";
		};
		F58ADEAC1D8E9D6200F1B67D /* NSOperationQueue */ = {
			isa = PBXGroup;
			children = (
				F58ADEAD1D8E9D6200F1B67D /* NSOperationQueue+Queue.h */,
				F58ADEAE1D8E9D6200F1B67D /* NSOperationQueue+Queue.m */,
			);
			path = NSOperationQueue;
			sourceTree = "<group>";
		};
		F58ADEAF1D8E9D6200F1B67D /* NSString */ = {
			isa = PBXGroup;
			children = (
				F58ADEB01D8E9D6200F1B67D /* NSString+Stackoverflow.h */,
				F58ADEB11D8E9D6200F1B67D /* NSString+Stackoverflow.m */,
			);
			path = NSString;
			sourceTree = "<group>";
		};
		F58ADEB21D8E9D6200F1B67D /* CoreMoelConst */ = {
			isa = PBXGroup;
			children = (
				F58ADEB31D8E9D6200F1B67D /* CoreModelConst.h */,
				F58ADEB41D8E9D6200F1B67D /* CoreModelConst.m */,
			);
			path = CoreMoelConst;
			sourceTree = "<group>";
		};
		F58ADEB51D8E9D6200F1B67D /* Protocol */ = {
			isa = PBXGroup;
			children = (
				F58ADEB61D8E9D6200F1B67D /* CoreModelProtocol.h */,
				F58ADEB71D8E9D6200F1B67D /* CorePageModelProtocol.h */,
			);
			path = Protocol;
			sourceTree = "<group>";
		};
		F58ADEB81D8E9D6200F1B67D /* Reflect */ = {
			isa = PBXGroup;
			children = (
				F58ADEB91D8E9D6200F1B67D /* CoreProperty.h */,
				F58ADEBA1D8E9D6200F1B67D /* CoreProperty.m */,
				F58ADEBB1D8E9D6200F1B67D /* NSObject+Runtime.h */,
				F58ADEBC1D8E9D6200F1B67D /* NSObject+Runtime.m */,
			);
			path = Reflect;
			sourceTree = "<group>";
		};
		F58ADEBD1D8E9D6200F1B67D /* Type */ = {
			isa = PBXGroup;
			children = (
				F58ADEBE1D8E9D6200F1B67D /* CoreModelType.h */,
			);
			path = Type;
			sourceTree = "<group>";
		};
		F58ADEBF1D8E9D6200F1B67D /* FrameWorks */ = {
			isa = PBXGroup;
			children = (
				F58ADEC01D8E9D6200F1B67D /* CoreFMDB */,
			);
			path = FrameWorks;
			sourceTree = "<group>";
		};
		F58ADEC01D8E9D6200F1B67D /* CoreFMDB */ = {
			isa = PBXGroup;
			children = (
				F58ADEC11D8E9D6200F1B67D /* CoreFMDB.h */,
				F58ADEC21D8E9D6200F1B67D /* CoreFMDB.m */,
				F58ADEC31D8E9D6200F1B67D /* Lib */,
			);
			path = CoreFMDB;
			sourceTree = "<group>";
		};
		F58ADEC31D8E9D6200F1B67D /* Lib */ = {
			isa = PBXGroup;
			children = (
				F58ADEC41D8E9D6200F1B67D /* Category */,
				F58ADEC71D8E9D6200F1B67D /* fmdb */,
				F58ADED31D8E9D6200F1B67D /* Singleton */,
			);
			path = Lib;
			sourceTree = "<group>";
		};
		F58ADEC41D8E9D6200F1B67D /* Category */ = {
			isa = PBXGroup;
			children = (
				F58ADEC51D8E9D6200F1B67D /* NSString+CoreFMDB.h */,
				F58ADEC61D8E9D6200F1B67D /* NSString+CoreFMDB.m */,
			);
			path = Category;
			sourceTree = "<group>";
		};
		F58ADEC71D8E9D6200F1B67D /* fmdb */ = {
			isa = PBXGroup;
			children = (
				F58ADEC81D8E9D6200F1B67D /* FMDatabase.h */,
				F58ADEC91D8E9D6200F1B67D /* FMDatabase.m */,
				F58ADECA1D8E9D6200F1B67D /* FMDatabaseAdditions.h */,
				F58ADECB1D8E9D6200F1B67D /* FMDatabaseAdditions.m */,
				F58ADECC1D8E9D6200F1B67D /* FMDatabasePool.h */,
				F58ADECD1D8E9D6200F1B67D /* FMDatabasePool.m */,
				F58ADECE1D8E9D6200F1B67D /* FMDatabaseQueue.h */,
				F58ADECF1D8E9D6200F1B67D /* FMDatabaseQueue.m */,
				F58ADED01D8E9D6200F1B67D /* FMDB.h */,
				F58ADED11D8E9D6200F1B67D /* FMResultSet.h */,
				F58ADED21D8E9D6200F1B67D /* FMResultSet.m */,
			);
			path = fmdb;
			sourceTree = "<group>";
		};
		F58ADED31D8E9D6200F1B67D /* Singleton */ = {
			isa = PBXGroup;
			children = (
				F58ADED41D8E9D6200F1B67D /* CoreFMDBSingleton.h */,
			);
			path = Singleton;
			sourceTree = "<group>";
		};
		F58ADEF21D8E9E2100F1B67D /* FmdbModel */ = {
			isa = PBXGroup;
			children = (
				F58ADEF31D8E9E5400F1B67D /* DownloadObject.h */,
				F58ADEF41D8E9E5400F1B67D /* DownloadObject.m */,
			);
			path = FmdbModel;
			sourceTree = "<group>";
		};
		F58ADF0A1D8FE3C800F1B67D /* ThirdLib */ = {
			isa = PBXGroup;
			children = (
				F540E4771D910CB300D26CBF /* Masonry */,
			);
			path = ThirdLib;
			sourceTree = "<group>";
		};
		F5F062121D87EDAF009FD9FB = {
			isa = PBXGroup;
			children = (
				F5F0621D1D87EDAF009FD9FB /* ABBVideoDownloadPlayer */,
				F5F062371D87EDAF009FD9FB /* ABBVideoDownloadPlayerTests */,
				F5F062421D87EDAF009FD9FB /* ABBVideoDownloadPlayerUITests */,
				F5F0621C1D87EDAF009FD9FB /* Products */,
				E21A106E17F95BF1A755F3FB /* Pods */,
				C37C8D79E1FCB50FB82B588D /* Frameworks */,
			);
			sourceTree = "<group>";
		};
		F5F0621C1D87EDAF009FD9FB /* Products */ = {
			isa = PBXGroup;
			children = (
				F5F0621B1D87EDAF009FD9FB /* ABBVideoDownloadPlayer.app */,
				F5F062341D87EDAF009FD9FB /* ABBVideoDownloadPlayerTests.xctest */,
				F5F0623F1D87EDAF009FD9FB /* ABBVideoDownloadPlayerUITests.xctest */,
			);
			name = Products;
			sourceTree = "<group>";
		};
		F5F0621D1D87EDAF009FD9FB /* ABBVideoDownloadPlayer */ = {
			isa = PBXGroup;
			children = (
				F540E4711D910CAB00D26CBF /* WMPlayerKit */,
				F58ADF0A1D8FE3C800F1B67D /* ThirdLib */,
				F58ADEF21D8E9E2100F1B67D /* FmdbModel */,
				F58ADE7F1D8E9D6200F1B67D /* CoreModel-lib */,
				F5F062731D87EE6A009FD9FB /* example */,
				F5F062211D87EDAF009FD9FB /* AppDelegate.h */,
				F5F062221D87EDAF009FD9FB /* AppDelegate.m */,
				F5F062241D87EDAF009FD9FB /* ViewController.h */,
				F5F062251D87EDAF009FD9FB /* ViewController.m */,
				F5F0621E1D87EDAF009FD9FB /* Supporting Files */,
			);
			path = ABBVideoDownloadPlayer;
			sourceTree = "<group>";
		};
		F5F0621E1D87EDAF009FD9FB /* Supporting Files */ = {
			isa = PBXGroup;
			children = (
				F5F0622F1D87EDAF009FD9FB /* Info.plist */,
				F5FB66AA1D87F8ED00A39237 /* ViewController.xib */,
				F5F0622A1D87EDAF009FD9FB /* Assets.xcassets */,
				F5F062271D87EDAF009FD9FB /* Main.storyboard */,
				F5F0622C1D87EDAF009FD9FB /* LaunchScreen.storyboard */,
				F5F0621F1D87EDAF009FD9FB /* main.m */,
			);
			name = "Supporting Files";
			sourceTree = "<group>";
		};
		F5F062371D87EDAF009FD9FB /* ABBVideoDownloadPlayerTests */ = {
			isa = PBXGroup;
			children = (
				F5F062381D87EDAF009FD9FB /* ABBVideoDownloadPlayerTests.m */,
				F5F0623A1D87EDAF009FD9FB /* Info.plist */,
			);
			path = ABBVideoDownloadPlayerTests;
			sourceTree = "<group>";
		};
		F5F062421D87EDAF009FD9FB /* ABBVideoDownloadPlayerUITests */ = {
			isa = PBXGroup;
			children = (
				F5F062431D87EDAF009FD9FB /* ABBVideoDownloadPlayerUITests.m */,
				F5F062451D87EDAF009FD9FB /* Info.plist */,
			);
			path = ABBVideoDownloadPlayerUITests;
			sourceTree = "<group>";
		};
		F5F062731D87EE6A009FD9FB /* example */ = {
			isa = PBXGroup;
			children = (
				F5F062741D87EE6A009FD9FB /* UI */,
				F5F0627B1D87EE6A009FD9FB /* UIUnitCore */,
				F5F062841D87EE6A009FD9FB /* WHC_DownloadObject.h */,
				F5F062851D87EE6A009FD9FB /* WHC_DownloadObject.m */,
			);
			path = example;
			sourceTree = "<group>";
		};
		F5F062741D87EE6A009FD9FB /* UI */ = {
			isa = PBXGroup;
			children = (
				F58ADEF81D8FB33300F1B67D /* DownLoadListViewController.h */,
				F58ADEF91D8FB33300F1B67D /* DownLoadListViewController.m */,
				F58ADEFB1D8FB3DF00F1B67D /* TableBaseViewController.h */,
				F58ADEFC1D8FB3DF00F1B67D /* TableBaseViewController.m */,
				F58ADEFE1D8FB67800F1B67D /* DownLoadListCell.h */,
				F58ADEFF1D8FB67800F1B67D /* DownLoadListCell.m */,
				F58ADF001D8FB67800F1B67D /* DownLoadListCell.xib */,
			);
			path = UI;
			sourceTree = "<group>";
		};
		F5F0627B1D87EE6A009FD9FB /* UIUnitCore */ = {
			isa = PBXGroup;
			children = (
				F5F0627C1D87EE6A009FD9FB /* UIScrollView+WHC_PullRefresh.h */,
				F5F0627D1D87EE6A009FD9FB /* UIScrollView+WHC_PullRefresh.m */,
				F5F0627E1D87EE6A009FD9FB /* UIView+WHC_Loading.h */,
				F5F0627F1D87EE6A009FD9FB /* UIView+WHC_Loading.m */,
				F5F062801D87EE6A009FD9FB /* UIView+WHC_Toast.h */,
				F5F062811D87EE6A009FD9FB /* UIView+WHC_Toast.m */,
				F5F062821D87EE6A009FD9FB /* UIView+WHC_ViewProperty.h */,
				F5F062831D87EE6A009FD9FB /* UIView+WHC_ViewProperty.m */,
			);
			path = UIUnitCore;
			sourceTree = "<group>";
		};
/* End PBXGroup section */

/* Begin PBXNativeTarget section */
		F5F0621A1D87EDAF009FD9FB /* ABBVideoDownloadPlayer */ = {
			isa = PBXNativeTarget;
			buildConfigurationList = F5F062481D87EDAF009FD9FB /* Build configuration list for PBXNativeTarget "ABBVideoDownloadPlayer" */;
			buildPhases = (
				EA50466E952FA3FFF5489166 /* Check Pods Manifest.lock */,
				F5F062171D87EDAF009FD9FB /* Sources */,
				F5F062181D87EDAF009FD9FB /* Frameworks */,
				F5F062191D87EDAF009FD9FB /* Resources */,
				E5505B57384F4F94A1A7F6DD /* Embed Pods Frameworks */,
				28959C862F198BD4F9529852 /* Copy Pods Resources */,
			);
			buildRules = (
			);
			dependencies = (
			);
			name = ABBVideoDownloadPlayer;
			productName = ABBVideoDownloadPlayer;
			productReference = F5F0621B1D87EDAF009FD9FB /* ABBVideoDownloadPlayer.app */;
			productType = "com.apple.product-type.application";
		};
		F5F062331D87EDAF009FD9FB /* ABBVideoDownloadPlayerTests */ = {
			isa = PBXNativeTarget;
			buildConfigurationList = F5F0624B1D87EDAF009FD9FB /* Build configuration list for PBXNativeTarget "ABBVideoDownloadPlayerTests" */;
			buildPhases = (
				F5F062301D87EDAF009FD9FB /* Sources */,
				F5F062311D87EDAF009FD9FB /* Frameworks */,
				F5F062321D87EDAF009FD9FB /* Resources */,
			);
			buildRules = (
			);
			dependencies = (
				F5F062361D87EDAF009FD9FB /* PBXTargetDependency */,
			);
			name = ABBVideoDownloadPlayerTests;
			productName = ABBVideoDownloadPlayerTests;
			productReference = F5F062341D87EDAF009FD9FB /* ABBVideoDownloadPlayerTests.xctest */;
			productType = "com.apple.product-type.bundle.unit-test";
		};
		F5F0623E1D87EDAF009FD9FB /* ABBVideoDownloadPlayerUITests */ = {
			isa = PBXNativeTarget;
			buildConfigurationList = F5F0624E1D87EDAF009FD9FB /* Build configuration list for PBXNativeTarget "ABBVideoDownloadPlayerUITests" */;
			buildPhases = (
				F5F0623B1D87EDAF009FD9FB /* Sources */,
				F5F0623C1D87EDAF009FD9FB /* Frameworks */,
				F5F0623D1D87EDAF009FD9FB /* Resources */,
			);
			buildRules = (
			);
			dependencies = (
				F5F062411D87EDAF009FD9FB /* PBXTargetDependency */,
			);
			name = ABBVideoDownloadPlayerUITests;
			productName = ABBVideoDownloadPlayerUITests;
			productReference = F5F0623F1D87EDAF009FD9FB /* ABBVideoDownloadPlayerUITests.xctest */;
			productType = "com.apple.product-type.bundle.ui-testing";
		};
/* End PBXNativeTarget section */

/* Begin PBXProject section */
		F5F062131D87EDAF009FD9FB /* Project object */ = {
			isa = PBXProject;
			attributes = {
				LastUpgradeCheck = 0730;
				ORGANIZATIONNAME = NieXiaobo;
				TargetAttributes = {
					F5F0621A1D87EDAF009FD9FB = {
						CreatedOnToolsVersion = 7.3;
						DevelopmentTeam = Z45C4NCFQH;
						SystemCapabilities = {
							com.apple.BackgroundModes = {
								enabled = 1;
							};
						};
					};
					F5F062331D87EDAF009FD9FB = {
						CreatedOnToolsVersion = 7.3;
						TestTargetID = F5F0621A1D87EDAF009FD9FB;
					};
					F5F0623E1D87EDAF009FD9FB = {
						CreatedOnToolsVersion = 7.3;
						TestTargetID = F5F0621A1D87EDAF009FD9FB;
					};
				};
			};
			buildConfigurationList = F5F062161D87EDAF009FD9FB /* Build configuration list for PBXProject "ABBVideoDownloadPlayer" */;
			compatibilityVersion = "Xcode 3.2";
			developmentRegion = English;
			hasScannedForEncodings = 0;
			knownRegions = (
				en,
				Base,
			);
			mainGroup = F5F062121D87EDAF009FD9FB;
			productRefGroup = F5F0621C1D87EDAF009FD9FB /* Products */;
			projectDirPath = "";
			projectRoot = "";
			targets = (
				F5F0621A1D87EDAF009FD9FB /* ABBVideoDownloadPlayer */,
				F5F062331D87EDAF009FD9FB /* ABBVideoDownloadPlayerTests */,
				F5F0623E1D87EDAF009FD9FB /* ABBVideoDownloadPlayerUITests */,
			);
		};
/* End PBXProject section */

/* Begin PBXResourcesBuildPhase section */
		F5F062191D87EDAF009FD9FB /* Resources */ = {
			isa = PBXResourcesBuildPhase;
			buildActionMask = 2147483647;
			files = (
				F58ADED71D8E9D6200F1B67D /* SVP.bundle in Resources */,
				F58ADED91D8E9D6200F1B67D /* SVProgressHUD.bundle in Resources */,
				F5F0622E1D87EDAF009FD9FB /* LaunchScreen.storyboard in Resources */,
				F5F0622B1D87EDAF009FD9FB /* Assets.xcassets in Resources */,
				F5FB66AB1D87F8ED00A39237 /* ViewController.xib in Resources */,
				F58ADF021D8FB67800F1B67D /* DownLoadListCell.xib in Resources */,
				F540E4751D910CAB00D26CBF /* WMPlayer.bundle in Resources */,
				F5F062291D87EDAF009FD9FB /* Main.storyboard in Resources */,
			);
			runOnlyForDeploymentPostprocessing = 0;
		};
		F5F062321D87EDAF009FD9FB /* Resources */ = {
			isa = PBXResourcesBuildPhase;
			buildActionMask = 2147483647;
			files = (
			);
			runOnlyForDeploymentPostprocessing = 0;
		};
		F5F0623D1D87EDAF009FD9FB /* Resources */ = {
			isa = PBXResourcesBuildPhase;
			buildActionMask = 2147483647;
			files = (
			);
			runOnlyForDeploymentPostprocessing = 0;
		};
/* End PBXResourcesBuildPhase section */

/* Begin PBXShellScriptBuildPhase section */
		28959C862F198BD4F9529852 /* Copy Pods Resources */ = {
			isa = PBXShellScriptBuildPhase;
			buildActionMask = 2147483647;
			files = (
			);
			inputPaths = (
			);
			name = "Copy Pods Resources";
			outputPaths = (
			);
			runOnlyForDeploymentPostprocessing = 0;
			shellPath = /bin/sh;
			shellScript = "\"${SRCROOT}/Pods/Target Support Files/Pods/Pods-resources.sh\"\n";
			showEnvVarsInLog = 0;
		};
		E5505B57384F4F94A1A7F6DD /* Embed Pods Frameworks */ = {
			isa = PBXShellScriptBuildPhase;
			buildActionMask = 2147483647;
			files = (
			);
			inputPaths = (
			);
			name = "Embed Pods Frameworks";
			outputPaths = (
			);
			runOnlyForDeploymentPostprocessing = 0;
			shellPath = /bin/sh;
			shellScript = "\"${SRCROOT}/Pods/Target Support Files/Pods/Pods-frameworks.sh\"\n";
			showEnvVarsInLog = 0;
		};
		EA50466E952FA3FFF5489166 /* Check Pods Manifest.lock */ = {
			isa = PBXShellScriptBuildPhase;
			buildActionMask = 2147483647;
			files = (
			);
			inputPaths = (
			);
			name = "Check Pods Manifest.lock";
			outputPaths = (
			);
			runOnlyForDeploymentPostprocessing = 0;
			shellPath = /bin/sh;
			shellScript = "diff \"${PODS_ROOT}/../Podfile.lock\" \"${PODS_ROOT}/Manifest.lock\" > /dev/null\nif [[ $? != 0 ]] ; then\n    cat << EOM\nerror: The sandbox is not in sync with the Podfile.lock. Run 'pod install' or update your CocoaPods installation.\nEOM\n    exit 1\nfi\n";
			showEnvVarsInLog = 0;
		};
/* End PBXShellScriptBuildPhase section */

/* Begin PBXSourcesBuildPhase section */
		F5F062171D87EDAF009FD9FB /* Sources */ = {
			isa = PBXSourcesBuildPhase;
			buildActionMask = 2147483647;
			files = (
				F540E4951D910CB300D26CBF /* NSArray+MASAdditions.m in Sources */,
				F5F062991D87EE6A009FD9FB /* UIView+WHC_Loading.m in Sources */,
				F58ADED81D8E9D6200F1B67D /* SVIndefiniteAnimatedView.m in Sources */,
				F58ADEE71D8E9D6200F1B67D /* NSString+Stackoverflow.m in Sources */,
				F58ADEDF1D8E9D6200F1B67D /* NSObject+CoreModelCommon.m in Sources */,
				F540E4971D910CB300D26CBF /* View+MASAdditions.m in Sources */,
				F58ADEE31D8E9D6200F1B67D /* NSObject+Save.m in Sources */,
				F58ADEE51D8E9D6200F1B67D /* NSObject+Update.m in Sources */,
				F58ADEDC1D8E9D6200F1B67D /* NSArray+CoreModel.m in Sources */,
				F540E4931D910CB300D26CBF /* MASViewAttribute.m in Sources */,
				F58ADEDD1D8E9D6200F1B67D /* NSDictionary+Sqlite.m in Sources */,
				F58ADEED1D8E9D6200F1B67D /* FMDatabase.m in Sources */,
				F58ADEF51D8E9E5400F1B67D /* DownloadObject.m in Sources */,
				F58ADEE21D8E9D6200F1B67D /* NSObject+Insert.m in Sources */,
				F540E4921D910CB300D26CBF /* MASLayoutConstraint.m in Sources */,
				F540E48F1D910CB300D26CBF /* MASCompositeConstraint.m in Sources */,
				F540E4941D910CB300D26CBF /* MASViewConstraint.m in Sources */,
				F58ADEDA1D8E9D6200F1B67D /* SVProgressHUD.m in Sources */,
				F58ADEDB1D8E9D6200F1B67D /* CoreModel.m in Sources */,
				F5F0629C1D87EE6A009FD9FB /* WHC_DownloadObject.m in Sources */,
				F540E4901D910CB300D26CBF /* MASConstraint.m in Sources */,
				F58ADEE91D8E9D6200F1B67D /* CoreProperty.m in Sources */,
				F5F062261D87EDAF009FD9FB /* ViewController.m in Sources */,
				F5F062231D87EDAF009FD9FB /* AppDelegate.m in Sources */,
				F58ADEF11D8E9D6200F1B67D /* FMResultSet.m in Sources */,
				F58ADEF01D8E9D6200F1B67D /* FMDatabaseQueue.m in Sources */,
				F5F062201D87EDAF009FD9FB /* main.m in Sources */,
				F58ADEFD1D8FB3DF00F1B67D /* TableBaseViewController.m in Sources */,
				F58ADEE41D8E9D6200F1B67D /* NSObject+Select.m in Sources */,
				F58ADEEC1D8E9D6200F1B67D /* NSString+CoreFMDB.m in Sources */,
				F58ADEEE1D8E9D6200F1B67D /* FMDatabaseAdditions.m in Sources */,
				F58ADF011D8FB67800F1B67D /* DownLoadListCell.m in Sources */,
				F5F0629B1D87EE6A009FD9FB /* UIView+WHC_ViewProperty.m in Sources */,
				F540E49A1D910D0800D26CBF /* DetailViewController.m in Sources */,
				F58ADEE61D8E9D6200F1B67D /* NSOperationQueue+Queue.m in Sources */,
				F58ADED51D8E9D6200F1B67D /* CommonVC.m in Sources */,
				F58ADEE01D8E9D6200F1B67D /* NSObject+Create.m in Sources */,
				F5F062981D87EE6A009FD9FB /* UIScrollView+WHC_PullRefresh.m in Sources */,
				F58ADED61D8E9D6200F1B67D /* CoreSVP.m in Sources */,
				F58ADEE81D8E9D6200F1B67D /* CoreModelConst.m in Sources */,
				F58ADEEA1D8E9D6200F1B67D /* NSObject+Runtime.m in Sources */,
				F5F0629A1D87EE6A009FD9FB /* UIView+WHC_Toast.m in Sources */,
				F58ADEDE1D8E9D6200F1B67D /* CoreModel+Cache.m in Sources */,
				F540E4961D910CB300D26CBF /* NSLayoutConstraint+MASDebugAdditions.m in Sources */,
				F58ADEFA1D8FB33300F1B67D /* DownLoadListViewController.m in Sources */,
				F540E4761D910CAB00D26CBF /* WMPlayer.m in Sources */,
				F540E4911D910CB300D26CBF /* MASConstraintMaker.m in Sources */,
				F58ADEEF1D8E9D6200F1B67D /* FMDatabasePool.m in Sources */,
				F58ADEE11D8E9D6200F1B67D /* NSObject+Delete.m in Sources */,
				F58ADEEB1D8E9D6200F1B67D /* CoreFMDB.m in Sources */,
			);
			runOnlyForDeploymentPostprocessing = 0;
		};
		F5F062301D87EDAF009FD9FB /* Sources */ = {
			isa = PBXSourcesBuildPhase;
			buildActionMask = 2147483647;
			files = (
				F5F062391D87EDAF009FD9FB /* ABBVideoDownloadPlayerTests.m in Sources */,
			);
			runOnlyForDeploymentPostprocessing = 0;
		};
		F5F0623B1D87EDAF009FD9FB /* Sources */ = {
			isa = PBXSourcesBuildPhase;
			buildActionMask = 2147483647;
			files = (
				F5F062441D87EDAF009FD9FB /* ABBVideoDownloadPlayerUITests.m in Sources */,
			);
			runOnlyForDeploymentPostprocessing = 0;
		};
/* End PBXSourcesBuildPhase section */

/* Begin PBXTargetDependency section */
		F5F062361D87EDAF009FD9FB /* PBXTargetDependency */ = {
			isa = PBXTargetDependency;
			target = F5F0621A1D87EDAF009FD9FB /* ABBVideoDownloadPlayer */;
			targetProxy = F5F062351D87EDAF009FD9FB /* PBXContainerItemProxy */;
		};
		F5F062411D87EDAF009FD9FB /* PBXTargetDependency */ = {
			isa = PBXTargetDependency;
			target = F5F0621A1D87EDAF009FD9FB /* ABBVideoDownloadPlayer */;
			targetProxy = F5F062401D87EDAF009FD9FB /* PBXContainerItemProxy */;
		};
/* End PBXTargetDependency section */

/* Begin PBXVariantGroup section */
		F5F062271D87EDAF009FD9FB /* Main.storyboard */ = {
			isa = PBXVariantGroup;
			children = (
				F5F062281D87EDAF009FD9FB /* Base */,
			);
			name = Main.storyboard;
			sourceTree = "<group>";
		};
		F5F0622C1D87EDAF009FD9FB /* LaunchScreen.storyboard */ = {
			isa = PBXVariantGroup;
			children = (
				F5F0622D1D87EDAF009FD9FB /* Base */,
			);
			name = LaunchScreen.storyboard;
			sourceTree = "<group>";
		};
/* End PBXVariantGroup section */

/* Begin XCBuildConfiguration section */
		F5F062461D87EDAF009FD9FB /* Debug */ = {
			isa = XCBuildConfiguration;
			buildSettings = {
				ALWAYS_SEARCH_USER_PATHS = NO;
				CLANG_ANALYZER_NONNULL = YES;
				CLANG_CXX_LANGUAGE_STANDARD = "gnu++0x";
				CLANG_CXX_LIBRARY = "libc++";
				CLANG_ENABLE_MODULES = YES;
				CLANG_ENABLE_OBJC_ARC = YES;
				CLANG_WARN_BOOL_CONVERSION = YES;
				CLANG_WARN_CONSTANT_CONVERSION = YES;
				CLANG_WARN_DIRECT_OBJC_ISA_USAGE = YES_ERROR;
				CLANG_WARN_EMPTY_BODY = YES;
				CLANG_WARN_ENUM_CONVERSION = YES;
				CLANG_WARN_INT_CONVERSION = YES;
				CLANG_WARN_OBJC_ROOT_CLASS = YES_ERROR;
				CLANG_WARN_UNREACHABLE_CODE = YES;
				CLANG_WARN__DUPLICATE_METHOD_MATCH = YES;
				"CODE_SIGN_IDENTITY[sdk=iphoneos*]" = "iPhone Developer";
				COPY_PHASE_STRIP = NO;
				DEBUG_INFORMATION_FORMAT = dwarf;
				ENABLE_STRICT_OBJC_MSGSEND = YES;
				ENABLE_TESTABILITY = YES;
				GCC_C_LANGUAGE_STANDARD = gnu99;
				GCC_DYNAMIC_NO_PIC = NO;
				GCC_NO_COMMON_BLOCKS = YES;
				GCC_OPTIMIZATION_LEVEL = 0;
				GCC_PREPROCESSOR_DEFINITIONS = (
					"DEBUG=1",
					"$(inherited)",
				);
				GCC_WARN_64_TO_32_BIT_CONVERSION = YES;
				GCC_WARN_ABOUT_RETURN_TYPE = YES_ERROR;
				GCC_WARN_UNDECLARED_SELECTOR = YES;
				GCC_WARN_UNINITIALIZED_AUTOS = YES_AGGRESSIVE;
				GCC_WARN_UNUSED_FUNCTION = YES;
				GCC_WARN_UNUSED_VARIABLE = YES;
				IPHONEOS_DEPLOYMENT_TARGET = 9.3;
				MTL_ENABLE_DEBUG_INFO = YES;
				ONLY_ACTIVE_ARCH = YES;
				SDKROOT = iphoneos;
				TARGETED_DEVICE_FAMILY = "1,2";
			};
			name = Debug;
		};
		F5F062471D87EDAF009FD9FB /* Release */ = {
			isa = XCBuildConfiguration;
			buildSettings = {
				ALWAYS_SEARCH_USER_PATHS = NO;
				CLANG_ANALYZER_NONNULL = YES;
				CLANG_CXX_LANGUAGE_STANDARD = "gnu++0x";
				CLANG_CXX_LIBRARY = "libc++";
				CLANG_ENABLE_MODULES = YES;
				CLANG_ENABLE_OBJC_ARC = YES;
				CLANG_WARN_BOOL_CONVERSION = YES;
				CLANG_WARN_CONSTANT_CONVERSION = YES;
				CLANG_WARN_DIRECT_OBJC_ISA_USAGE = YES_ERROR;
				CLANG_WARN_EMPTY_BODY = YES;
				CLANG_WARN_ENUM_CONVERSION = YES;
				CLANG_WARN_INT_CONVERSION = YES;
				CLANG_WARN_OBJC_ROOT_CLASS = YES_ERROR;
				CLANG_WARN_UNREACHABLE_CODE = YES;
				CLANG_WARN__DUPLICATE_METHOD_MATCH = YES;
				"CODE_SIGN_IDENTITY[sdk=iphoneos*]" = "iPhone Developer";
				COPY_PHASE_STRIP = NO;
				DEBUG_INFORMATION_FORMAT = "dwarf-with-dsym";
				ENABLE_NS_ASSERTIONS = NO;
				ENABLE_STRICT_OBJC_MSGSEND = YES;
				GCC_C_LANGUAGE_STANDARD = gnu99;
				GCC_NO_COMMON_BLOCKS = YES;
				GCC_WARN_64_TO_32_BIT_CONVERSION = YES;
				GCC_WARN_ABOUT_RETURN_TYPE = YES_ERROR;
				GCC_WARN_UNDECLARED_SELECTOR = YES;
				GCC_WARN_UNINITIALIZED_AUTOS = YES_AGGRESSIVE;
				GCC_WARN_UNUSED_FUNCTION = YES;
				GCC_WARN_UNUSED_VARIABLE = YES;
				IPHONEOS_DEPLOYMENT_TARGET = 9.3;
				MTL_ENABLE_DEBUG_INFO = NO;
				SDKROOT = iphoneos;
				TARGETED_DEVICE_FAMILY = "1,2";
				VALIDATE_PRODUCT = YES;
			};
			name = Release;
		};
		F5F062491D87EDAF009FD9FB /* Debug */ = {
			isa = XCBuildConfiguration;
			baseConfigurationReference = 683709A844C217391A82D121 /* Pods.debug.xcconfig */;
			buildSettings = {
				ASSETCATALOG_COMPILER_APPICON_NAME = AppIcon;
				CODE_SIGN_IDENTITY = "iPhone Developer";
				ENABLE_BITCODE = NO;
				INFOPLIST_FILE = ABBVideoDownloadPlayer/Info.plist;
				IPHONEOS_DEPLOYMENT_TARGET = 8.0;
				LD_RUNPATH_SEARCH_PATHS = "$(inherited) @executable_path/Frameworks";
				PRODUCT_BUNDLE_IDENTIFIER = DataPort.com;
				PRODUCT_NAME = "$(TARGET_NAME)";
			};
			name = Debug;
		};
		F5F0624A1D87EDAF009FD9FB /* Release */ = {
			isa = XCBuildConfiguration;
			baseConfigurationReference = B490FFEBB404A6F349D664F0 /* Pods.release.xcconfig */;
			buildSettings = {
				ASSETCATALOG_COMPILER_APPICON_NAME = AppIcon;
				CODE_SIGN_IDENTITY = "iPhone Developer";
				ENABLE_BITCODE = NO;
				INFOPLIST_FILE = ABBVideoDownloadPlayer/Info.plist;
				IPHONEOS_DEPLOYMENT_TARGET = 8.0;
				LD_RUNPATH_SEARCH_PATHS = "$(inherited) @executable_path/Frameworks";
				PRODUCT_BUNDLE_IDENTIFIER = DataPort.com;
				PRODUCT_NAME = "$(TARGET_NAME)";
			};
			name = Release;
		};
		F5F0624C1D87EDAF009FD9FB /* Debug */ = {
			isa = XCBuildConfiguration;
			buildSettings = {
				BUNDLE_LOADER = "$(TEST_HOST)";
				INFOPLIST_FILE = ABBVideoDownloadPlayerTests/Info.plist;
				LD_RUNPATH_SEARCH_PATHS = "$(inherited) @executable_path/Frameworks @loader_path/Frameworks";
				PRODUCT_BUNDLE_IDENTIFIER = NXB.ABBVideoDownloadPlayerTests;
				PRODUCT_NAME = "$(TARGET_NAME)";
				TEST_HOST = "$(BUILT_PRODUCTS_DIR)/ABBVideoDownloadPlayer.app/ABBVideoDownloadPlayer";
			};
			name = Debug;
		};
		F5F0624D1D87EDAF009FD9FB /* Release */ = {
			isa = XCBuildConfiguration;
			buildSettings = {
				BUNDLE_LOADER = "$(TEST_HOST)";
				INFOPLIST_FILE = ABBVideoDownloadPlayerTests/Info.plist;
				LD_RUNPATH_SEARCH_PATHS = "$(inherited) @executable_path/Frameworks @loader_path/Frameworks";
				PRODUCT_BUNDLE_IDENTIFIER = NXB.ABBVideoDownloadPlayerTests;
				PRODUCT_NAME = "$(TARGET_NAME)";
				TEST_HOST = "$(BUILT_PRODUCTS_DIR)/ABBVideoDownloadPlayer.app/ABBVideoDownloadPlayer";
			};
			name = Release;
		};
		F5F0624F1D87EDAF009FD9FB /* Debug */ = {
			isa = XCBuildConfiguration;
			buildSettings = {
				INFOPLIST_FILE = ABBVideoDownloadPlayerUITests/Info.plist;
				LD_RUNPATH_SEARCH_PATHS = "$(inherited) @executable_path/Frameworks @loader_path/Frameworks";
				PRODUCT_BUNDLE_IDENTIFIER = NXB.ABBVideoDownloadPlayerUITests;
				PRODUCT_NAME = "$(TARGET_NAME)";
				TEST_TARGET_NAME = ABBVideoDownloadPlayer;
			};
			name = Debug;
		};
		F5F062501D87EDAF009FD9FB /* Release */ = {
			isa = XCBuildConfiguration;
			buildSettings = {
				INFOPLIST_FILE = ABBVideoDownloadPlayerUITests/Info.plist;
				LD_RUNPATH_SEARCH_PATHS = "$(inherited) @executable_path/Frameworks @loader_path/Frameworks";
				PRODUCT_BUNDLE_IDENTIFIER = NXB.ABBVideoDownloadPlayerUITests;
				PRODUCT_NAME = "$(TARGET_NAME)";
				TEST_TARGET_NAME = ABBVideoDownloadPlayer;
			};
			name = Release;
		};
/* End XCBuildConfiguration section */

/* Begin XCConfigurationList section */
		F5F062161D87EDAF009FD9FB /* Build configuration list for PBXProject "ABBVideoDownloadPlayer" */ = {
			isa = XCConfigurationList;
			buildConfigurations = (
				F5F062461D87EDAF009FD9FB /* Debug */,
				F5F062471D87EDAF009FD9FB /* Release */,
			);
			defaultConfigurationIsVisible = 0;
			defaultConfigurationName = Release;
		};
		F5F062481D87EDAF009FD9FB /* Build configuration list for PBXNativeTarget "ABBVideoDownloadPlayer" */ = {
			isa = XCConfigurationList;
			buildConfigurations = (
				F5F062491D87EDAF009FD9FB /* Debug */,
				F5F0624A1D87EDAF009FD9FB /* Release */,
			);
			defaultConfigurationIsVisible = 0;
			defaultConfigurationName = Release;
		};
		F5F0624B1D87EDAF009FD9FB /* Build configuration list for PBXNativeTarget "ABBVideoDownloadPlayerTests" */ = {
			isa = XCConfigurationList;
			buildConfigurations = (
				F5F0624C1D87EDAF009FD9FB /* Debug */,
				F5F0624D1D87EDAF009FD9FB /* Release */,
			);
			defaultConfigurationIsVisible = 0;
			defaultConfigurationName = Release;
		};
		F5F0624E1D87EDAF009FD9FB /* Build configuration list for PBXNativeTarget "ABBVideoDownloadPlayerUITests" */ = {
			isa = XCConfigurationList;
			buildConfigurations = (
				F5F0624F1D87EDAF009FD9FB /* Debug */,
				F5F062501D87EDAF009FD9FB /* Release */,
			);
			defaultConfigurationIsVisible = 0;
			defaultConfigurationName = Release;
		};
/* End XCConfigurationList section */
	};
	rootObject = F5F062131D87EDAF009FD9FB /* Project object */;
}
